
Microsoft Visual Studio Solution File, Format Version 12.00
# Visual Studio Version 17
VisualStudioVersion = 17.4.33213.308
MinimumVisualStudioVersion = 10.0.40219.1
Project("{FAE04EC0-301F-11D3-BF4B-00C04F79EFBC}") = "PW3_1", "PW3_1\PW3_1.csproj", "{79386267-1A73-48D8-A78E-B636AF79387D}"
EndProject
Global
	GlobalSection(SolutionConfigurationPlatforms) = preSolution
		Debug|Any CPU = Debug|Any CPU
		Release|Any CPU = Release|Any CPU
	EndGlobalSection
	GlobalSection(ProjectConfigurationPlatforms) = postSolution
		{79386267-1A73-48D8-A78E-B636AF79387D}.Debug|Any CPU.ActiveCfg = Debug|Any CPU
		{79386267-1A73-48D8-A78E-B636AF79387D}.Debug|Any CPU.Build.0 = Debug|Any CPU
		{79386267-1A73-48D8-A78E-B636AF79387D}.Release|Any CPU.ActiveCfg = Release|Any CPU
		{79386267-1A73-48D8-A78E-B636AF79387D}.Release|Any CPU.Build.0 = Release|Any CPU
	EndGlobalSection
	GlobalSection(SolutionProperties) = preSolution
		HideSolutionNode = FALSE
	EndGlobalSection
	GlobalSection(ExtensibilityGlobals) = postSolution
		SolutionGuid = {4F10BFAA-3B91-4ACC-9A73-E0152BF1F93C}
	EndGlobalSection
EndGlobal
