
Microsoft Visual Studio Solution File, Format Version 12.00
# Visual Studio Version 17
VisualStudioVersion = 17.2.32630.192
MinimumVisualStudioVersion = 10.0.40219.1
Project("{FAE04EC0-301F-11D3-BF4B-00C04F79EFBC}") = "PW5", "PW5\PW5.csproj", "{3039726D-6B15-4A14-8716-E1CB6E4562C0}"
EndProject
Global
	GlobalSection(SolutionConfigurationPlatforms) = preSolution
		Debug|Any CPU = Debug|Any CPU
		Release|Any CPU = Release|Any CPU
	EndGlobalSection
	GlobalSection(ProjectConfigurationPlatforms) = postSolution
		{3039726D-6B15-4A14-8716-E1CB6E4562C0}.Debug|Any CPU.ActiveCfg = Debug|Any CPU
		{3039726D-6B15-4A14-8716-E1CB6E4562C0}.Debug|Any CPU.Build.0 = Debug|Any CPU
		{3039726D-6B15-4A14-8716-E1CB6E4562C0}.Release|Any CPU.ActiveCfg = Release|Any CPU
		{3039726D-6B15-4A14-8716-E1CB6E4562C0}.Release|Any CPU.Build.0 = Release|Any CPU
	EndGlobalSection
	GlobalSection(SolutionProperties) = preSolution
		HideSolutionNode = FALSE
	EndGlobalSection
	GlobalSection(ExtensibilityGlobals) = postSolution
		SolutionGuid = {951B67E2-F32E-412B-9DA7-D2B1FD433684}
	EndGlobalSection
EndGlobal
