
Microsoft Visual Studio Solution File, Format Version 12.00
# Visual Studio 15
VisualStudioVersion = 15.0.33403.129
MinimumVisualStudioVersion = 10.0.40219.1
Project("{FAE04EC0-301F-11D3-BF4B-00C04F79EFBC}") = "ConsoleApp1", "ConsoleApp1\ConsoleApp1.csproj", "{FE19CCED-E34B-4F56-9BC4-AC3DA5AD1164}"
EndProject
Global
	GlobalSection(SolutionConfigurationPlatforms) = preSolution
		Debug|Any CPU = Debug|Any CPU
		Release|Any CPU = Release|Any CPU
	EndGlobalSection
	GlobalSection(ProjectConfigurationPlatforms) = postSolution
		{FE19CCED-E34B-4F56-9BC4-AC3DA5AD1164}.Debug|Any CPU.ActiveCfg = Debug|Any CPU
		{FE19CCED-E34B-4F56-9BC4-AC3DA5AD1164}.Debug|Any CPU.Build.0 = Debug|Any CPU
		{FE19CCED-E34B-4F56-9BC4-AC3DA5AD1164}.Release|Any CPU.ActiveCfg = Release|Any CPU
		{FE19CCED-E34B-4F56-9BC4-AC3DA5AD1164}.Release|Any CPU.Build.0 = Release|Any CPU
	EndGlobalSection
	GlobalSection(SolutionProperties) = preSolution
		HideSolutionNode = FALSE
	EndGlobalSection
	GlobalSection(ExtensibilityGlobals) = postSolution
		SolutionGuid = {9BA95485-590F-4B81-9837-BB82EEC6104F}
	EndGlobalSection
EndGlobal
